
Microsoft Visual Studio Solution File, Format Version 12.00
# Visual Studio Version 17
VisualStudioVersion = 17.1.31911.260
MinimumVisualStudioVersion = 10.0.40219.1
Project("{9A19103F-16F7-4668-BE54-9A1E7A4F7556}") = "Pipaslot.Mediator", "Pipaslot.Mediator\Pipaslot.Mediator.csproj", "{ACD45FD7-A381-4B61-937F-9E21A3D5564C}"
EndProject
Project("{9A19103F-16F7-4668-BE54-9A1E7A4F7556}") = "Sample.Server", "Sample\Server\Sample.Server.csproj", "{D2631D13-F985-44F6-9392-5D75B855D5BA}"
EndProject
Project("{9A19103F-16F7-4668-BE54-9A1E7A4F7556}") = "Sample.Client", "Sample\Client\Sample.Client.csproj", "{3EE930D3-11FC-4ECB-8606-B8F67DB86A06}"
EndProject
Project("{9A19103F-16F7-4668-BE54-9A1E7A4F7556}") = "Sample.Shared", "Sample\Shared\Sample.Shared.csproj", "{717BF33E-003C-42C8-A023-E8478520DBFC}"
EndProject
Project("{2150E333-8FDC-42A3-9474-1A3956D46DE8}") = "Solution Items", "Solution Items", "{789BCE75-A73E-4213-B4EB-FB93D646E095}"
	ProjectSection(SolutionItems) = preProject
		.gitignore = .gitignore
		LICENSE.txt = LICENSE.txt
		.github\workflows\publish.yml = .github\workflows\publish.yml
		README.md = README.md
	EndProjectSection
EndProject
Project("{9A19103F-16F7-4668-BE54-9A1E7A4F7556}") = "Pipaslot.Mediator.Tests", "Pipaslot.Mediator.Tests\Pipaslot.Mediator.Tests.csproj", "{05E0E0B6-D629-43E1-A99D-50D40700E127}"
EndProject
Project("{9A19103F-16F7-4668-BE54-9A1E7A4F7556}") = "Pipaslot.Mediator.Http", "Pipaslot.Mediator.Http\Pipaslot.Mediator.Http.csproj", "{9F153BDC-D07B-4876-BDC9-949F569FCE00}"
EndProject
Global
	GlobalSection(SolutionConfigurationPlatforms) = preSolution
		Debug|Any CPU = Debug|Any CPU
		Release|Any CPU = Release|Any CPU
	EndGlobalSection
	GlobalSection(ProjectConfigurationPlatforms) = postSolution
		{ACD45FD7-A381-4B61-937F-9E21A3D5564C}.Debug|Any CPU.ActiveCfg = Debug|Any CPU
		{ACD45FD7-A381-4B61-937F-9E21A3D5564C}.Debug|Any CPU.Build.0 = Debug|Any CPU
		{ACD45FD7-A381-4B61-937F-9E21A3D5564C}.Release|Any CPU.ActiveCfg = Release|Any CPU
		{ACD45FD7-A381-4B61-937F-9E21A3D5564C}.Release|Any CPU.Build.0 = Release|Any CPU
		{D2631D13-F985-44F6-9392-5D75B855D5BA}.Debug|Any CPU.ActiveCfg = Debug|Any CPU
		{D2631D13-F985-44F6-9392-5D75B855D5BA}.Debug|Any CPU.Build.0 = Debug|Any CPU
		{D2631D13-F985-44F6-9392-5D75B855D5BA}.Release|Any CPU.ActiveCfg = Release|Any CPU
		{D2631D13-F985-44F6-9392-5D75B855D5BA}.Release|Any CPU.Build.0 = Release|Any CPU
		{3EE930D3-11FC-4ECB-8606-B8F67DB86A06}.Debug|Any CPU.ActiveCfg = Debug|Any CPU
		{3EE930D3-11FC-4ECB-8606-B8F67DB86A06}.Debug|Any CPU.Build.0 = Debug|Any CPU
		{3EE930D3-11FC-4ECB-8606-B8F67DB86A06}.Release|Any CPU.ActiveCfg = Release|Any CPU
		{3EE930D3-11FC-4ECB-8606-B8F67DB86A06}.Release|Any CPU.Build.0 = Release|Any CPU
		{717BF33E-003C-42C8-A023-E8478520DBFC}.Debug|Any CPU.ActiveCfg = Debug|Any CPU
		{717BF33E-003C-42C8-A023-E8478520DBFC}.Debug|Any CPU.Build.0 = Debug|Any CPU
		{717BF33E-003C-42C8-A023-E8478520DBFC}.Release|Any CPU.ActiveCfg = Release|Any CPU
		{717BF33E-003C-42C8-A023-E8478520DBFC}.Release|Any CPU.Build.0 = Release|Any CPU
		{05E0E0B6-D629-43E1-A99D-50D40700E127}.Debug|Any CPU.ActiveCfg = Debug|Any CPU
		{05E0E0B6-D629-43E1-A99D-50D40700E127}.Debug|Any CPU.Build.0 = Debug|Any CPU
		{05E0E0B6-D629-43E1-A99D-50D40700E127}.Release|Any CPU.ActiveCfg = Release|Any CPU
		{05E0E0B6-D629-43E1-A99D-50D40700E127}.Release|Any CPU.Build.0 = Release|Any CPU
		{9F153BDC-D07B-4876-BDC9-949F569FCE00}.Debug|Any CPU.ActiveCfg = Debug|Any CPU
		{9F153BDC-D07B-4876-BDC9-949F569FCE00}.Debug|Any CPU.Build.0 = Debug|Any CPU
		{9F153BDC-D07B-4876-BDC9-949F569FCE00}.Release|Any CPU.ActiveCfg = Release|Any CPU
		{9F153BDC-D07B-4876-BDC9-949F569FCE00}.Release|Any CPU.Build.0 = Release|Any CPU
	EndGlobalSection
	GlobalSection(SolutionProperties) = preSolution
		HideSolutionNode = FALSE
	EndGlobalSection
	GlobalSection(ExtensibilityGlobals) = postSolution
		SolutionGuid = {02B7F392-9774-43BE-B416-C7BD562849CB}
	EndGlobalSection
EndGlobal
